
Microsoft Visual Studio Solution File, Format Version 12.00
# Visual Studio Version 16
VisualStudioVersion = 16.0.29215.179
MinimumVisualStudioVersion = 10.0.40219.1
Project("{FAE04EC0-301F-11D3-BF4B-00C04F79EFBC}") = "sheet2_get_post_razor", "sheet2_get_post_razor\sheet2_get_post_razor.csproj", "{D9D13A30-B81A-4F5A-992D-0BD6B3F1E895}"
EndProject
Global
	GlobalSection(SolutionConfigurationPlatforms) = preSolution
		Debug|Any CPU = Debug|Any CPU
		Release|Any CPU = Release|Any CPU
	EndGlobalSection
	GlobalSection(ProjectConfigurationPlatforms) = postSolution
		{D9D13A30-B81A-4F5A-992D-0BD6B3F1E895}.Debug|Any CPU.ActiveCfg = Debug|Any CPU
		{D9D13A30-B81A-4F5A-992D-0BD6B3F1E895}.Debug|Any CPU.Build.0 = Debug|Any CPU
		{D9D13A30-B81A-4F5A-992D-0BD6B3F1E895}.Release|Any CPU.ActiveCfg = Release|Any CPU
		{D9D13A30-B81A-4F5A-992D-0BD6B3F1E895}.Release|Any CPU.Build.0 = Release|Any CPU
	EndGlobalSection
	GlobalSection(SolutionProperties) = preSolution
		HideSolutionNode = FALSE
	EndGlobalSection
	GlobalSection(ExtensibilityGlobals) = postSolution
		SolutionGuid = {43BB4A1D-C174-4A1A-A5C3-63661A215C83}
	EndGlobalSection
EndGlobal
